# generated by rye
# use `rye lock` or `rye sync` to update this lockfile
#
# last locked with the following flags:
#   pre: false
#   features: []
#   all-features: false
#   with-sources: false

-e file:.
certifi==2024.2.2
    # via netcdf4
cftime==1.6.3
    # via netcdf4
click==8.1.7
    # via ncdump-rich
    # via rich-click
markdown-it-py==3.0.0
    # via rich
mdurl==0.1.2
    # via markdown-it-py
netcdf4==1.6.5
    # via ncdump-rich
numpy==1.26.4
    # via cftime
    # via netcdf4
pygments==2.17.2
    # via rich
rich==13.7.0
    # via ncdump-rich
    # via rich-click
rich-click==1.7.3
    # via ncdump-rich
typing-extensions==4.10.0
    # via rich-click
